
Microsoft Visual Studio Solution File, Format Version 12.00
# Visual Studio 15
VisualStudioVersion = 15.0.28307.168
MinimumVisualStudioVersion = 10.0.40219.1
Project("{FAE04EC0-301F-11D3-BF4B-00C04F79EFBC}") = "Ekin.Log", "Ekin.Log\Ekin.Log.csproj", "{79A4FC58-2156-4D9C-8DB1-8DBF39659F9E}"
EndProject
Project("{FAE04EC0-301F-11D3-BF4B-00C04F79EFBC}") = "Ekin.Log.Tests", "Ekin.Log.Tests\Ekin.Log.Tests.csproj", "{2C88313F-DD8F-43F2-B540-31A8D8F6B33B}"
EndProject
Global
	GlobalSection(SolutionConfigurationPlatforms) = preSolution
		Debug|Any CPU = Debug|Any CPU
		Release|Any CPU = Release|Any CPU
	EndGlobalSection
	GlobalSection(ProjectConfigurationPlatforms) = postSolution
		{79A4FC58-2156-4D9C-8DB1-8DBF39659F9E}.Debug|Any CPU.ActiveCfg = Debug|Any CPU
		{79A4FC58-2156-4D9C-8DB1-8DBF39659F9E}.Debug|Any CPU.Build.0 = Debug|Any CPU
		{79A4FC58-2156-4D9C-8DB1-8DBF39659F9E}.Release|Any CPU.ActiveCfg = Release|Any CPU
		{79A4FC58-2156-4D9C-8DB1-8DBF39659F9E}.Release|Any CPU.Build.0 = Release|Any CPU
		{2C88313F-DD8F-43F2-B540-31A8D8F6B33B}.Debug|Any CPU.ActiveCfg = Debug|Any CPU
		{2C88313F-DD8F-43F2-B540-31A8D8F6B33B}.Debug|Any CPU.Build.0 = Debug|Any CPU
		{2C88313F-DD8F-43F2-B540-31A8D8F6B33B}.Release|Any CPU.ActiveCfg = Release|Any CPU
		{2C88313F-DD8F-43F2-B540-31A8D8F6B33B}.Release|Any CPU.Build.0 = Release|Any CPU
	EndGlobalSection
	GlobalSection(SolutionProperties) = preSolution
		HideSolutionNode = FALSE
	EndGlobalSection
	GlobalSection(ExtensibilityGlobals) = postSolution
		SolutionGuid = {FBA20A69-8848-48D2-870E-4E10F813CEF1}
	EndGlobalSection
EndGlobal
