
Microsoft Visual Studio Solution File, Format Version 12.00
# Visual Studio 15
VisualStudioVersion = 15.0.28307.329
MinimumVisualStudioVersion = 10.0.40219.1
Project("{9A19103F-16F7-4668-BE54-9A1E7A4F7556}") = "Ekin.Log", "Ekin.Log.Core\Ekin.Log.csproj", "{30A6F146-B76F-499C-9111-B19436804676}"
EndProject
Global
	GlobalSection(SolutionConfigurationPlatforms) = preSolution
		Debug|Any CPU = Debug|Any CPU
		Release|Any CPU = Release|Any CPU
	EndGlobalSection
	GlobalSection(ProjectConfigurationPlatforms) = postSolution
		{30A6F146-B76F-499C-9111-B19436804676}.Debug|Any CPU.ActiveCfg = Debug|Any CPU
		{30A6F146-B76F-499C-9111-B19436804676}.Debug|Any CPU.Build.0 = Debug|Any CPU
		{30A6F146-B76F-499C-9111-B19436804676}.Release|Any CPU.ActiveCfg = Release|Any CPU
		{30A6F146-B76F-499C-9111-B19436804676}.Release|Any CPU.Build.0 = Release|Any CPU
	EndGlobalSection
	GlobalSection(SolutionProperties) = preSolution
		HideSolutionNode = FALSE
	EndGlobalSection
	GlobalSection(ExtensibilityGlobals) = postSolution
		SolutionGuid = {C93DE1E7-5DD2-4253-8C97-3E084449AB8E}
	EndGlobalSection
EndGlobal
